
Microsoft Visual Studio Solution File, Format Version 12.00
# Visual Studio 14
VisualStudioVersion = 14.0.23107.0
MinimumVisualStudioVersion = 10.0.40219.1
Project("{FAE04EC0-301F-11D3-BF4B-00C04F79EFBC}") = "DataAboutVar", "DataAboutVar\DataAboutVar.csproj", "{716E8DFD-4E6E-4AC8-930B-9749F14567CC}"
EndProject
Global
	GlobalSection(SolutionConfigurationPlatforms) = preSolution
		Debug|Any CPU = Debug|Any CPU
		Release|Any CPU = Release|Any CPU
	EndGlobalSection
	GlobalSection(ProjectConfigurationPlatforms) = postSolution
		{716E8DFD-4E6E-4AC8-930B-9749F14567CC}.Debug|Any CPU.ActiveCfg = Debug|Any CPU
		{716E8DFD-4E6E-4AC8-930B-9749F14567CC}.Debug|Any CPU.Build.0 = Debug|Any CPU
		{716E8DFD-4E6E-4AC8-930B-9749F14567CC}.Release|Any CPU.ActiveCfg = Release|Any CPU
		{716E8DFD-4E6E-4AC8-930B-9749F14567CC}.Release|Any CPU.Build.0 = Release|Any CPU
	EndGlobalSection
	GlobalSection(SolutionProperties) = preSolution
		HideSolutionNode = FALSE
	EndGlobalSection
EndGlobal
